
Microsoft Visual Studio Solution File, Format Version 12.00
# Visual Studio Version 16
VisualStudioVersion = 16.0.31424.327
MinimumVisualStudioVersion = 10.0.40219.1
Project("{8BC9CEB8-8B4A-11D0-8D11-00A0C91BC942}") = "MyUniquePointer", "MyUniquePointer\MyUniquePointer.vcxproj", "{FE8108EF-D572-4D6A-AA73-D48ABD5EABCA}"
EndProject
Global
	GlobalSection(SolutionConfigurationPlatforms) = preSolution
		Debug|x64 = Debug|x64
		Debug|x86 = Debug|x86
		Release|x64 = Release|x64
		Release|x86 = Release|x86
	EndGlobalSection
	GlobalSection(ProjectConfigurationPlatforms) = postSolution
		{FE8108EF-D572-4D6A-AA73-D48ABD5EABCA}.Debug|x64.ActiveCfg = Debug|x64
		{FE8108EF-D572-4D6A-AA73-D48ABD5EABCA}.Debug|x64.Build.0 = Debug|x64
		{FE8108EF-D572-4D6A-AA73-D48ABD5EABCA}.Debug|x86.ActiveCfg = Debug|Win32
		{FE8108EF-D572-4D6A-AA73-D48ABD5EABCA}.Debug|x86.Build.0 = Debug|Win32
		{FE8108EF-D572-4D6A-AA73-D48ABD5EABCA}.Release|x64.ActiveCfg = Release|x64
		{FE8108EF-D572-4D6A-AA73-D48ABD5EABCA}.Release|x64.Build.0 = Release|x64
		{FE8108EF-D572-4D6A-AA73-D48ABD5EABCA}.Release|x86.ActiveCfg = Release|Win32
		{FE8108EF-D572-4D6A-AA73-D48ABD5EABCA}.Release|x86.Build.0 = Release|Win32
	EndGlobalSection
	GlobalSection(SolutionProperties) = preSolution
		HideSolutionNode = FALSE
	EndGlobalSection
	GlobalSection(ExtensibilityGlobals) = postSolution
		SolutionGuid = {08C74B3A-094A-41B1-A3F7-AB482767D058}
	EndGlobalSection
EndGlobal
